
Microsoft Visual Studio Solution File, Format Version 12.00
# Visual Studio 2012
Project("{8BC9CEB8-8B4A-11D0-8D11-00A0C91BC942}") = "Utilities", "Utilities\build\Utilities.vcxproj", "{D95D5B22-B855-40C4-9ECE-5BE2B620E3BC}"
	ProjectSection(ProjectDependencies) = postProject
		{351917B9-797E-4B63-8146-51E3C7439242} = {351917B9-797E-4B63-8146-51E3C7439242}
	EndProjectSection
EndProject
Project("{8BC9CEB8-8B4A-11D0-8D11-00A0C91BC942}") = "Math", "Math\build\Math.vcxproj", "{351917B9-797E-4B63-8146-51E3C7439242}"
EndProject
Project("{8BC9CEB8-8B4A-11D0-8D11-00A0C91BC942}") = "Core", "Core\build\Core.vcxproj", "{8BE5FC16-8685-415F-8939-B7F27D4E2C05}"
	ProjectSection(ProjectDependencies) = postProject
		{D95D5B22-B855-40C4-9ECE-5BE2B620E3BC} = {D95D5B22-B855-40C4-9ECE-5BE2B620E3BC}
		{46BCFEB1-B9A6-4F6C-846C-D67871B40CCC} = {46BCFEB1-B9A6-4F6C-846C-D67871B40CCC}
		{351917B9-797E-4B63-8146-51E3C7439242} = {351917B9-797E-4B63-8146-51E3C7439242}
		{988FB7C0-50CA-414E-9B17-E93A5E61E77B} = {988FB7C0-50CA-414E-9B17-E93A5E61E77B}
	EndProjectSection
EndProject
Project("{8BC9CEB8-8B4A-11D0-8D11-00A0C91BC942}") = "Driver", "Driver\build\Driver.vcxproj", "{00D636F7-46DD-46AA-80E5-6C0EC3A8244E}"
	ProjectSection(ProjectDependencies) = postProject
		{8BE5FC16-8685-415F-8939-B7F27D4E2C05} = {8BE5FC16-8685-415F-8939-B7F27D4E2C05}
		{D95D5B22-B855-40C4-9ECE-5BE2B620E3BC} = {D95D5B22-B855-40C4-9ECE-5BE2B620E3BC}
		{46BCFEB1-B9A6-4F6C-846C-D67871B40CCC} = {46BCFEB1-B9A6-4F6C-846C-D67871B40CCC}
		{351917B9-797E-4B63-8146-51E3C7439242} = {351917B9-797E-4B63-8146-51E3C7439242}
		{988FB7C0-50CA-414E-9B17-E93A5E61E77B} = {988FB7C0-50CA-414E-9B17-E93A5E61E77B}
	EndProjectSection
EndProject
Project("{8BC9CEB8-8B4A-11D0-8D11-00A0C91BC942}") = "Graphics", "Graphics\build\Graphics.vcxproj", "{46BCFEB1-B9A6-4F6C-846C-D67871B40CCC}"
	ProjectSection(ProjectDependencies) = postProject
		{D95D5B22-B855-40C4-9ECE-5BE2B620E3BC} = {D95D5B22-B855-40C4-9ECE-5BE2B620E3BC}
		{351917B9-797E-4B63-8146-51E3C7439242} = {351917B9-797E-4B63-8146-51E3C7439242}
		{988FB7C0-50CA-414E-9B17-E93A5E61E77B} = {988FB7C0-50CA-414E-9B17-E93A5E61E77B}
	EndProjectSection
EndProject
Project("{8BC9CEB8-8B4A-11D0-8D11-00A0C91BC942}") = "Physics", "Physics\build\Physics.vcxproj", "{988FB7C0-50CA-414E-9B17-E93A5E61E77B}"
	ProjectSection(ProjectDependencies) = postProject
		{D95D5B22-B855-40C4-9ECE-5BE2B620E3BC} = {D95D5B22-B855-40C4-9ECE-5BE2B620E3BC}
		{351917B9-797E-4B63-8146-51E3C7439242} = {351917B9-797E-4B63-8146-51E3C7439242}
	EndProjectSection
EndProject
Project("{8BC9CEB8-8B4A-11D0-8D11-00A0C91BC942}") = "EngineTest", "EngineTest\build\EngineTest.vcxproj", "{8CFBD17A-5EFE-4BD4-9BE4-00BF69707F33}"
	ProjectSection(ProjectDependencies) = postProject
		{8BE5FC16-8685-415F-8939-B7F27D4E2C05} = {8BE5FC16-8685-415F-8939-B7F27D4E2C05}
		{D95D5B22-B855-40C4-9ECE-5BE2B620E3BC} = {D95D5B22-B855-40C4-9ECE-5BE2B620E3BC}
		{46BCFEB1-B9A6-4F6C-846C-D67871B40CCC} = {46BCFEB1-B9A6-4F6C-846C-D67871B40CCC}
		{351917B9-797E-4B63-8146-51E3C7439242} = {351917B9-797E-4B63-8146-51E3C7439242}
		{988FB7C0-50CA-414E-9B17-E93A5E61E77B} = {988FB7C0-50CA-414E-9B17-E93A5E61E77B}
	EndProjectSection
EndProject
Global
	GlobalSection(SolutionConfigurationPlatforms) = preSolution
		Debug|Win32 = Debug|Win32
		Release|Win32 = Release|Win32
		Test_D|Win32 = Test_D|Win32
		Test_R|Win32 = Test_R|Win32
	EndGlobalSection
	GlobalSection(ProjectConfigurationPlatforms) = postSolution
		{D95D5B22-B855-40C4-9ECE-5BE2B620E3BC}.Debug|Win32.ActiveCfg = Debug|Win32
		{D95D5B22-B855-40C4-9ECE-5BE2B620E3BC}.Debug|Win32.Build.0 = Debug|Win32
		{D95D5B22-B855-40C4-9ECE-5BE2B620E3BC}.Release|Win32.ActiveCfg = Release|Win32
		{D95D5B22-B855-40C4-9ECE-5BE2B620E3BC}.Release|Win32.Build.0 = Release|Win32
		{D95D5B22-B855-40C4-9ECE-5BE2B620E3BC}.Test_D|Win32.ActiveCfg = Test_D|Win32
		{D95D5B22-B855-40C4-9ECE-5BE2B620E3BC}.Test_D|Win32.Build.0 = Test_D|Win32
		{D95D5B22-B855-40C4-9ECE-5BE2B620E3BC}.Test_R|Win32.ActiveCfg = Test_R|Win32
		{D95D5B22-B855-40C4-9ECE-5BE2B620E3BC}.Test_R|Win32.Build.0 = Test_R|Win32
		{351917B9-797E-4B63-8146-51E3C7439242}.Debug|Win32.ActiveCfg = Debug|Win32
		{351917B9-797E-4B63-8146-51E3C7439242}.Debug|Win32.Build.0 = Debug|Win32
		{351917B9-797E-4B63-8146-51E3C7439242}.Release|Win32.ActiveCfg = Release|Win32
		{351917B9-797E-4B63-8146-51E3C7439242}.Release|Win32.Build.0 = Release|Win32
		{351917B9-797E-4B63-8146-51E3C7439242}.Test_D|Win32.ActiveCfg = Test_D|Win32
		{351917B9-797E-4B63-8146-51E3C7439242}.Test_D|Win32.Build.0 = Test_D|Win32
		{351917B9-797E-4B63-8146-51E3C7439242}.Test_R|Win32.ActiveCfg = Test_R|Win32
		{351917B9-797E-4B63-8146-51E3C7439242}.Test_R|Win32.Build.0 = Test_R|Win32
		{8BE5FC16-8685-415F-8939-B7F27D4E2C05}.Debug|Win32.ActiveCfg = Debug|Win32
		{8BE5FC16-8685-415F-8939-B7F27D4E2C05}.Debug|Win32.Build.0 = Debug|Win32
		{8BE5FC16-8685-415F-8939-B7F27D4E2C05}.Release|Win32.ActiveCfg = Release|Win32
		{8BE5FC16-8685-415F-8939-B7F27D4E2C05}.Release|Win32.Build.0 = Release|Win32
		{8BE5FC16-8685-415F-8939-B7F27D4E2C05}.Test_D|Win32.ActiveCfg = Test_D|Win32
		{8BE5FC16-8685-415F-8939-B7F27D4E2C05}.Test_D|Win32.Build.0 = Test_D|Win32
		{8BE5FC16-8685-415F-8939-B7F27D4E2C05}.Test_R|Win32.ActiveCfg = Test_R|Win32
		{8BE5FC16-8685-415F-8939-B7F27D4E2C05}.Test_R|Win32.Build.0 = Test_R|Win32
		{00D636F7-46DD-46AA-80E5-6C0EC3A8244E}.Debug|Win32.ActiveCfg = Debug|Win32
		{00D636F7-46DD-46AA-80E5-6C0EC3A8244E}.Debug|Win32.Build.0 = Debug|Win32
		{00D636F7-46DD-46AA-80E5-6C0EC3A8244E}.Release|Win32.ActiveCfg = Release|Win32
		{00D636F7-46DD-46AA-80E5-6C0EC3A8244E}.Release|Win32.Build.0 = Release|Win32
		{00D636F7-46DD-46AA-80E5-6C0EC3A8244E}.Test_D|Win32.ActiveCfg = Debug|Win32
		{00D636F7-46DD-46AA-80E5-6C0EC3A8244E}.Test_R|Win32.ActiveCfg = Release|Win32
		{46BCFEB1-B9A6-4F6C-846C-D67871B40CCC}.Debug|Win32.ActiveCfg = Debug|Win32
		{46BCFEB1-B9A6-4F6C-846C-D67871B40CCC}.Debug|Win32.Build.0 = Debug|Win32
		{46BCFEB1-B9A6-4F6C-846C-D67871B40CCC}.Release|Win32.ActiveCfg = Release|Win32
		{46BCFEB1-B9A6-4F6C-846C-D67871B40CCC}.Release|Win32.Build.0 = Release|Win32
		{46BCFEB1-B9A6-4F6C-846C-D67871B40CCC}.Test_D|Win32.ActiveCfg = Test_D|Win32
		{46BCFEB1-B9A6-4F6C-846C-D67871B40CCC}.Test_D|Win32.Build.0 = Test_D|Win32
		{46BCFEB1-B9A6-4F6C-846C-D67871B40CCC}.Test_R|Win32.ActiveCfg = Test_R|Win32
		{46BCFEB1-B9A6-4F6C-846C-D67871B40CCC}.Test_R|Win32.Build.0 = Test_R|Win32
		{988FB7C0-50CA-414E-9B17-E93A5E61E77B}.Debug|Win32.ActiveCfg = Debug|Win32
		{988FB7C0-50CA-414E-9B17-E93A5E61E77B}.Debug|Win32.Build.0 = Debug|Win32
		{988FB7C0-50CA-414E-9B17-E93A5E61E77B}.Release|Win32.ActiveCfg = Release|Win32
		{988FB7C0-50CA-414E-9B17-E93A5E61E77B}.Release|Win32.Build.0 = Release|Win32
		{988FB7C0-50CA-414E-9B17-E93A5E61E77B}.Test_D|Win32.ActiveCfg = Test_D|Win32
		{988FB7C0-50CA-414E-9B17-E93A5E61E77B}.Test_D|Win32.Build.0 = Test_D|Win32
		{988FB7C0-50CA-414E-9B17-E93A5E61E77B}.Test_R|Win32.ActiveCfg = Test_R|Win32
		{988FB7C0-50CA-414E-9B17-E93A5E61E77B}.Test_R|Win32.Build.0 = Test_R|Win32
		{8CFBD17A-5EFE-4BD4-9BE4-00BF69707F33}.Debug|Win32.ActiveCfg = Test_D|Win32
		{8CFBD17A-5EFE-4BD4-9BE4-00BF69707F33}.Release|Win32.ActiveCfg = Test_R|Win32
		{8CFBD17A-5EFE-4BD4-9BE4-00BF69707F33}.Test_D|Win32.ActiveCfg = Test_D|Win32
		{8CFBD17A-5EFE-4BD4-9BE4-00BF69707F33}.Test_D|Win32.Build.0 = Test_D|Win32
		{8CFBD17A-5EFE-4BD4-9BE4-00BF69707F33}.Test_R|Win32.ActiveCfg = Test_R|Win32
		{8CFBD17A-5EFE-4BD4-9BE4-00BF69707F33}.Test_R|Win32.Build.0 = Test_R|Win32
	EndGlobalSection
	GlobalSection(SolutionProperties) = preSolution
		HideSolutionNode = FALSE
	EndGlobalSection
EndGlobal
